// !$*UTF8*$!
{
	archiveVersion = 1;
	classes = {
	};
	objectVersion = 46;
	objects = {

/* Begin PBXBuildFile section */
		0A3059AD1DBFCF1C00370615 /* StickerPackExtension.appex in Embed App Extensions */ = {isa = PBXBuildFile; fileRef = 0A3059AC1DBFCF1C00370615 /* StickerPackExtension.appex */; settings = {ATTRIBUTES = (RemoveHeadersOnCopy, ); }; };
		0A3059B11DBFCF1C00370615 /* Stickers.xcstickers in Resources */ = {isa = PBXBuildFile; fileRef = 0A3059B01DBFCF1C00370615 /* Stickers.xcstickers */; };
		0A3059B21DBFCF1C00370615 /* Stickers.xcstickers in Resources */ = {isa = PBXBuildFile; fileRef = 0A3059B01DBFCF1C00370615 /* Stickers.xcstickers */; };
/* End PBXBuildFile section */

/* Begin PBXContainerItemProxy section */
		0A3059AE1DBFCF1C00370615 /* PBXContainerItemProxy */ = {
			isa = PBXContainerItemProxy;
			containerPortal = 0A3059A21DBFCF1C00370615 /* Project object */;
			proxyType = 1;
			remoteGlobalIDString = 0A3059AB1DBFCF1C00370615;
			remoteInfo = StickerPackExtension;
		};
/* End PBXContainerItemProxy section */

/* Begin PBXCopyFilesBuildPhase section */
		0A3059B81DBFCF1C00370615 /* Embed App Extensions */ = {
			isa = PBXCopyFilesBuildPhase;
			buildActionMask = 2147483647;
			dstPath = "";
			dstSubfolderSpec = 13;
			files = (
				0A3059AD1DBFCF1C00370615 /* StickerPackExtension.appex in Embed App Extensions */,
			);
			name = "Embed App Extensions";
			runOnlyForDeploymentPostprocessing = 0;
		};
/* End PBXCopyFilesBuildPhase section */

/* Begin PBXFileReference section */
		0A3059A81DBFCF1C00370615 /* Apple Execs.app */ = {isa = PBXFileReference; explicitFileType = wrapper.application; includeInIndex = 0; path = "Apple Execs.app"; sourceTree = BUILT_PRODUCTS_DIR; };
		0A3059AC1DBFCF1C00370615 /* StickerPackExtension.appex */ = {isa = PBXFileReference; explicitFileType = "wrapper.app-extension"; includeInIndex = 0; path = StickerPackExtension.appex; sourceTree = BUILT_PRODUCTS_DIR; };
		0A3059B01DBFCF1C00370615 /* Stickers.xcstickers */ = {isa = PBXFileReference; lastKnownFileType = folder.stickers; name = Stickers.xcstickers; path = StickerPackExtension/Stickers.xcstickers; sourceTree = "<group>"; };
/* End PBXFileReference section */

/* Begin PBXGroup section */
		0A3059A11DBFCF1C00370615 = {
			isa = PBXGroup;
			children = (
				0A3059B01DBFCF1C00370615 /* Stickers.xcstickers */,
				0A3059A91DBFCF1C00370615 /* Products */,
			);
			sourceTree = "<group>";
		};
		0A3059A91DBFCF1C00370615 /* Products */ = {
			isa = PBXGroup;
			children = (
				0A3059A81DBFCF1C00370615 /* Apple Execs.app */,
				0A3059AC1DBFCF1C00370615 /* StickerPackExtension.appex */,
			);
			name = Products;
			sourceTree = "<group>";
		};
/* End PBXGroup section */

/* Begin PBXNativeTarget section */
		0A3059A71DBFCF1C00370615 /* Apple Execs */ = {
			isa = PBXNativeTarget;
			buildConfigurationList = 0A3059B91DBFCF1C00370615 /* Build configuration list for PBXNativeTarget "Apple Execs" */;
			buildPhases = (
				0A3059A61DBFCF1C00370615 /* Resources */,
				0A3059B81DBFCF1C00370615 /* Embed App Extensions */,
			);
			buildRules = (
			);
			dependencies = (
				0A3059AF1DBFCF1C00370615 /* PBXTargetDependency */,
			);
			name = "Apple Execs";
			productName = "Apple Execs";
			productReference = 0A3059A81DBFCF1C00370615 /* Apple Execs.app */;
			productType = "com.apple.product-type.application.messages";
		};
		0A3059AB1DBFCF1C00370615 /* StickerPackExtension */ = {
			isa = PBXNativeTarget;
			buildConfigurationList = 0A3059B51DBFCF1C00370615 /* Build configuration list for PBXNativeTarget "StickerPackExtension" */;
			buildPhases = (
				0A3059AA1DBFCF1C00370615 /* Resources */,
			);
			buildRules = (
			);
			dependencies = (
			);
			name = StickerPackExtension;
			productName = StickerPackExtension;
			productReference = 0A3059AC1DBFCF1C00370615 /* StickerPackExtension.appex */;
			productType = "com.apple.product-type.app-extension.messages-sticker-pack";
		};
/* End PBXNativeTarget section */

/* Begin PBXProject section */
		0A3059A21DBFCF1C00370615 /* Project object */ = {
			isa = PBXProject;
			attributes = {
				LastUpgradeCheck = 0810;
				ORGANIZATIONNAME = "Kevin Chen";
				TargetAttributes = {
					0A3059A71DBFCF1C00370615 = {
						CreatedOnToolsVersion = 8.1;
						DevelopmentTeam = SG7VZ8953Q;
						ProvisioningStyle = Automatic;
					};
					0A3059AB1DBFCF1C00370615 = {
						CreatedOnToolsVersion = 8.1;
						DevelopmentTeam = SG7VZ8953Q;
						ProvisioningStyle = Automatic;
					};
				};
			};
			buildConfigurationList = 0A3059A51DBFCF1C00370615 /* Build configuration list for PBXProject "Apple Execs" */;
			compatibilityVersion = "Xcode 3.2";
			developmentRegion = English;
			hasScannedForEncodings = 0;
			knownRegions = (
				en,
			);
			mainGroup = 0A3059A11DBFCF1C00370615;
			productRefGroup = 0A3059A91DBFCF1C00370615 /* Products */;
			projectDirPath = "";
			projectRoot = "";
			targets = (
				0A3059A71DBFCF1C00370615 /* Apple Execs */,
				0A3059AB1DBFCF1C00370615 /* StickerPackExtension */,
			);
		};
/* End PBXProject section */

/* Begin PBXResourcesBuildPhase section */
		0A3059A61DBFCF1C00370615 /* Resources */ = {
			isa = PBXResourcesBuildPhase;
			buildActionMask = 2147483647;
			files = (
				0A3059B21DBFCF1C00370615 /* Stickers.xcstickers in Resources */,
			);
			runOnlyForDeploymentPostprocessing = 0;
		};
		0A3059AA1DBFCF1C00370615 /* Resources */ = {
			isa = PBXResourcesBuildPhase;
			buildActionMask = 2147483647;
			files = (
				0A3059B11DBFCF1C00370615 /* Stickers.xcstickers in Resources */,
			);
			runOnlyForDeploymentPostprocessing = 0;
		};
/* End PBXResourcesBuildPhase section */

/* Begin PBXTargetDependency section */
		0A3059AF1DBFCF1C00370615 /* PBXTargetDependency */ = {
			isa = PBXTargetDependency;
			target = 0A3059AB1DBFCF1C00370615 /* StickerPackExtension */;
			targetProxy = 0A3059AE1DBFCF1C00370615 /* PBXContainerItemProxy */;
		};
/* End PBXTargetDependency section */

/* Begin XCBuildConfiguration section */
		0A3059B31DBFCF1C00370615 /* Debug */ = {
			isa = XCBuildConfiguration;
			buildSettings = {
				ALWAYS_SEARCH_USER_PATHS = NO;
				CLANG_ANALYZER_NONNULL = YES;
				CLANG_CXX_LANGUAGE_STANDARD = "gnu++0x";
				CLANG_CXX_LIBRARY = "libc++";
				CLANG_ENABLE_MODULES = YES;
				CLANG_ENABLE_OBJC_ARC = YES;
				CLANG_WARN_BOOL_CONVERSION = YES;
				CLANG_WARN_CONSTANT_CONVERSION = YES;
				CLANG_WARN_DIRECT_OBJC_ISA_USAGE = YES_ERROR;
				CLANG_WARN_DOCUMENTATION_COMMENTS = YES;
				CLANG_WARN_EMPTY_BODY = YES;
				CLANG_WARN_ENUM_CONVERSION = YES;
				CLANG_WARN_INFINITE_RECURSION = YES;
				CLANG_WARN_INT_CONVERSION = YES;
				CLANG_WARN_OBJC_ROOT_CLASS = YES_ERROR;
				CLANG_WARN_SUSPICIOUS_MOVES = YES;
				CLANG_WARN_UNREACHABLE_CODE = YES;
				CLANG_WARN__DUPLICATE_METHOD_MATCH = YES;
				"CODE_SIGN_IDENTITY[sdk=iphoneos*]" = "iPhone Developer";
				COPY_PHASE_STRIP = NO;
				DEBUG_INFORMATION_FORMAT = dwarf;
				ENABLE_STRICT_OBJC_MSGSEND = YES;
				ENABLE_TESTABILITY = YES;
				GCC_C_LANGUAGE_STANDARD = gnu99;
				GCC_DYNAMIC_NO_PIC = NO;
				GCC_NO_COMMON_BLOCKS = YES;
				GCC_OPTIMIZATION_LEVEL = 0;
				GCC_PREPROCESSOR_DEFINITIONS = (
					"DEBUG=1",
					"$(inherited)",
				);
				GCC_WARN_64_TO_32_BIT_CONVERSION = YES;
				GCC_WARN_ABOUT_RETURN_TYPE = YES_ERROR;
				GCC_WARN_UNDECLARED_SELECTOR = YES;
				GCC_WARN_UNINITIALIZED_AUTOS = YES_AGGRESSIVE;
				GCC_WARN_UNUSED_FUNCTION = YES;
				GCC_WARN_UNUSED_VARIABLE = YES;
				IPHONEOS_DEPLOYMENT_TARGET = 10.1;
				MTL_ENABLE_DEBUG_INFO = YES;
				ONLY_ACTIVE_ARCH = YES;
				SDKROOT = iphoneos;
				TARGETED_DEVICE_FAMILY = "1,2";
			};
			name = Debug;
		};
		0A3059B41DBFCF1C00370615 /* Release */ = {
			isa = XCBuildConfiguration;
			buildSettings = {
				ALWAYS_SEARCH_USER_PATHS = NO;
				CLANG_ANALYZER_NONNULL = YES;
				CLANG_CXX_LANGUAGE_STANDARD = "gnu++0x";
				CLANG_CXX_LIBRARY = "libc++";
				CLANG_ENABLE_MODULES = YES;
				CLANG_ENABLE_OBJC_ARC = YES;
				CLANG_WARN_BOOL_CONVERSION = YES;
				CLANG_WARN_CONSTANT_CONVERSION = YES;
				CLANG_WARN_DIRECT_OBJC_ISA_USAGE = YES_ERROR;
				CLANG_WARN_DOCUMENTATION_COMMENTS = YES;
				CLANG_WARN_EMPTY_BODY = YES;
				CLANG_WARN_ENUM_CONVERSION = YES;
				CLANG_WARN_INFINITE_RECURSION = YES;
				CLANG_WARN_INT_CONVERSION = YES;
				CLANG_WARN_OBJC_ROOT_CLASS = YES_ERROR;
				CLANG_WARN_SUSPICIOUS_MOVES = YES;
				CLANG_WARN_UNREACHABLE_CODE = YES;
				CLANG_WARN__DUPLICATE_METHOD_MATCH = YES;
				"CODE_SIGN_IDENTITY[sdk=iphoneos*]" = "iPhone Developer";
				COPY_PHASE_STRIP = NO;
				DEBUG_INFORMATION_FORMAT = "dwarf-with-dsym";
				ENABLE_NS_ASSERTIONS = NO;
				ENABLE_STRICT_OBJC_MSGSEND = YES;
				GCC_C_LANGUAGE_STANDARD = gnu99;
				GCC_NO_COMMON_BLOCKS = YES;
				GCC_WARN_64_TO_32_BIT_CONVERSION = YES;
				GCC_WARN_ABOUT_RETURN_TYPE = YES_ERROR;
				GCC_WARN_UNDECLARED_SELECTOR = YES;
				GCC_WARN_UNINITIALIZED_AUTOS = YES_AGGRESSIVE;
				GCC_WARN_UNUSED_FUNCTION = YES;
				GCC_WARN_UNUSED_VARIABLE = YES;
				IPHONEOS_DEPLOYMENT_TARGET = 10.1;
				MTL_ENABLE_DEBUG_INFO = NO;
				SDKROOT = iphoneos;
				TARGETED_DEVICE_FAMILY = "1,2";
				VALIDATE_PRODUCT = YES;
			};
			name = Release;
		};
		0A3059B61DBFCF1C00370615 /* Debug */ = {
			isa = XCBuildConfiguration;
			buildSettings = {
				ASSETCATALOG_COMPILER_APPICON_NAME = "iMessage App Icon";
				DEVELOPMENT_TEAM = SG7VZ8953Q;
				INFOPLIST_FILE = StickerPackExtension/Info.plist;
				IPHONEOS_DEPLOYMENT_TARGET = 10.0;
				PRODUCT_BUNDLE_IDENTIFIER = com.kevinchen.appleexec.StickerPackExtension;
				PRODUCT_NAME = "$(TARGET_NAME)";
				SKIP_INSTALL = YES;
			};
			name = Debug;
		};
		0A3059B71DBFCF1C00370615 /* Release */ = {
			isa = XCBuildConfiguration;
			buildSettings = {
				ASSETCATALOG_COMPILER_APPICON_NAME = "iMessage App Icon";
				DEVELOPMENT_TEAM = SG7VZ8953Q;
				INFOPLIST_FILE = StickerPackExtension/Info.plist;
				IPHONEOS_DEPLOYMENT_TARGET = 10.0;
				PRODUCT_BUNDLE_IDENTIFIER = com.kevinchen.appleexec.StickerPackExtension;
				PRODUCT_NAME = "$(TARGET_NAME)";
				SKIP_INSTALL = YES;
			};
			name = Release;
		};
		0A3059BA1DBFCF1C00370615 /* Debug */ = {
			isa = XCBuildConfiguration;
			buildSettings = {
				ASSETCATALOG_COMPILER_APPICON_NAME = "iMessage App Icon";
				DEVELOPMENT_TEAM = SG7VZ8953Q;
				INFOPLIST_FILE = "Apple Execs/Info.plist";
				IPHONEOS_DEPLOYMENT_TARGET = 10.0;
				PRODUCT_BUNDLE_IDENTIFIER = com.kevinchen.appleexec;
				PRODUCT_NAME = "$(TARGET_NAME)";
			};
			name = Debug;
		};
		0A3059BB1DBFCF1C00370615 /* Release */ = {
			isa = XCBuildConfiguration;
			buildSettings = {
				ASSETCATALOG_COMPILER_APPICON_NAME = "iMessage App Icon";
				DEVELOPMENT_TEAM = SG7VZ8953Q;
				INFOPLIST_FILE = "Apple Execs/Info.plist";
				IPHONEOS_DEPLOYMENT_TARGET = 10.0;
				PRODUCT_BUNDLE_IDENTIFIER = com.kevinchen.appleexec;
				PRODUCT_NAME = "$(TARGET_NAME)";
			};
			name = Release;
		};
/* End XCBuildConfiguration section */

/* Begin XCConfigurationList section */
		0A3059A51DBFCF1C00370615 /* Build configuration list for PBXProject "Apple Execs" */ = {
			isa = XCConfigurationList;
			buildConfigurations = (
				0A3059B31DBFCF1C00370615 /* Debug */,
				0A3059B41DBFCF1C00370615 /* Release */,
			);
			defaultConfigurationIsVisible = 0;
			defaultConfigurationName = Release;
		};
		0A3059B51DBFCF1C00370615 /* Build configuration list for PBXNativeTarget "StickerPackExtension" */ = {
			isa = XCConfigurationList;
			buildConfigurations = (
				0A3059B61DBFCF1C00370615 /* Debug */,
				0A3059B71DBFCF1C00370615 /* Release */,
			);
			defaultConfigurationIsVisible = 0;
			defaultConfigurationName = Release;
		};
		0A3059B91DBFCF1C00370615 /* Build configuration list for PBXNativeTarget "Apple Execs" */ = {
			isa = XCConfigurationList;
			buildConfigurations = (
				0A3059BA1DBFCF1C00370615 /* Debug */,
				0A3059BB1DBFCF1C00370615 /* Release */,
			);
			defaultConfigurationIsVisible = 0;
			defaultConfigurationName = Release;
		};
/* End XCConfigurationList section */
	};
	rootObject = 0A3059A21DBFCF1C00370615 /* Project object */;
}
